github.com/alist-org/alist/v3 v3.24.0 h1:bpFOgF4ejkSNyju6lCtYNRTl8fRdj57zsVZ21nCWjCI=
github.com/alist-org/alist/v3 v3.24.0/go.mod h1:b6xhlAO6akjr6TF9UvaxyEqMFKe18F5P1WjKn/i5ZNw=
github.com/google/uuid v1.3.0 h1:t6JiXgmwXMjEs8VusXIJk2BXHsn+wx8BZdTaoZ5fu7I=
github.com/google/uuid v1.3.0/go.mod h1:TIyPZe4MgqvfeYDBFedMoGGpEw/LqOeaOT+nhxU+yHo=
