github.com/alist-org/alist/v3 v3.25.1 h1:7+RfvQbnqYYpMkrtlyCCNXZh3Q5UgHjE/l4MMLerM5s=
github.com/alist-org/alist/v3 v3.25.1/go.mod h1:YeEUQI2yTTbHxV43wH0S/OCMVX04jKFTgdxb/+cKs0E=
github.com/google/uuid v1.3.0 h1:t6JiXgmwXMjEs8VusXIJk2BXHsn+wx8BZdTaoZ5fu7I=
github.com/google/uuid v1.3.0/go.mod h1:TIyPZe4MgqvfeYDBFedMoGGpEw/LqOeaOT+nhxU+yHo=
